
Microsoft Visual Studio Solution File, Format Version 12.00
# Visual Studio Version 17
VisualStudioVersion = 17.8.34322.80
MinimumVisualStudioVersion = 10.0.40219.1
Project("{9A19103F-16F7-4668-BE54-9A1E7A4F7556}") = "ShapeAreaCalculation", "ShapeAreaCalculation.csproj", "{2551EE73-EFDF-46A1-B5F1-D9FEEDB2CDF8}"
EndProject
Global
	GlobalSection(SolutionConfigurationPlatforms) = preSolution
		Debug|Any CPU = Debug|Any CPU
		Release|Any CPU = Release|Any CPU
	EndGlobalSection
	GlobalSection(ProjectConfigurationPlatforms) = postSolution
		{2551EE73-EFDF-46A1-B5F1-D9FEEDB2CDF8}.Debug|Any CPU.ActiveCfg = Debug|Any CPU
		{2551EE73-EFDF-46A1-B5F1-D9FEEDB2CDF8}.Debug|Any CPU.Build.0 = Debug|Any CPU
		{2551EE73-EFDF-46A1-B5F1-D9FEEDB2CDF8}.Release|Any CPU.ActiveCfg = Release|Any CPU
		{2551EE73-EFDF-46A1-B5F1-D9FEEDB2CDF8}.Release|Any CPU.Build.0 = Release|Any CPU
	EndGlobalSection
	GlobalSection(SolutionProperties) = preSolution
		HideSolutionNode = FALSE
	EndGlobalSection
	GlobalSection(ExtensibilityGlobals) = postSolution
		SolutionGuid = {FF1AE0EE-B4C5-4952-AF66-13777A1E552C}
	EndGlobalSection
EndGlobal
